
Microsoft Visual Studio Solution File, Format Version 12.00
# Visual Studio Version 17
VisualStudioVersion = 17.0.31912.275
MinimumVisualStudioVersion = 10.0.40219.1
Project("{9A19103F-16F7-4668-BE54-9A1E7A4F7556}") = "Komit.Base.Values", "Komit.Base.Values\Komit.Base.Values.csproj", "{459D76F9-7C84-4FC5-8C58-529CAE5D251E}"
EndProject
Project("{9A19103F-16F7-4668-BE54-9A1E7A4F7556}") = "Komit.Base.Module", "Komit.Base.Module\Komit.Base.Module.csproj", "{BE943457-9777-48CB-9BEA-123600511CB8}"
EndProject
Project("{2150E333-8FDC-42A3-9474-1A3956D46DE8}") = "Solution Items", "Solution Items", "{9037C771-1C32-4127-B404-229B43B55ED4}"
EndProject
Project("{9A19103F-16F7-4668-BE54-9A1E7A4F7556}") = "Komit.Infrastructure.CqrsClient", "Komit.Infrastructure.CqrsClient\Komit.Infrastructure.CqrsClient.csproj", "{1E502444-735D-430F-A4C9-0A00834EC659}"
EndProject
Project("{9A19103F-16F7-4668-BE54-9A1E7A4F7556}") = "Komit.Azure.Storage", "Komit.Azure.Storage\Komit.Azure.Storage.csproj", "{00600FB6-117F-4B1A-8EC9-5EA0157DB807}"
EndProject
Project("{9A19103F-16F7-4668-BE54-9A1E7A4F7556}") = "Komit.Infrastructure.Spreadsheets", "Komit.Infrastructure.Spreadsheets\Komit.Infrastructure.Spreadsheets.csproj", "{3ADF117C-FF92-40ED-872C-9FF041C8C7A0}"
EndProject
Project("{9A19103F-16F7-4668-BE54-9A1E7A4F7556}") = "Komit.Azure.Storage.Values", "Komit.Azure.Storage.Values\Komit.Azure.Storage.Values.csproj", "{E464F0C5-345C-4A62-B70B-5608233A8EE5}"
EndProject
Project("{9A19103F-16F7-4668-BE54-9A1E7A4F7556}") = "Komit.Base.Specs", "Komit.Base.Specs\Komit.Base.Specs.csproj", "{D5FB3288-24B9-44AB-8C8E-277496EFCE77}"
EndProject
Project("{9A19103F-16F7-4668-BE54-9A1E7A4F7556}") = "Komit.Sandbox.App", "Komit.Sandbox.App\Komit.Sandbox.App.csproj", "{2AF53A92-C80F-4B57-B1A7-EBDF649069A0}"
EndProject
Project("{2150E333-8FDC-42A3-9474-1A3956D46DE8}") = "Sandbox", "Sandbox", "{D79E43B1-C3AD-48D6-BC5B-CAB61C6A5488}"
EndProject
Project("{2150E333-8FDC-42A3-9474-1A3956D46DE8}") = "Infrastructure", "Infrastructure", "{6353F3FC-79F9-4081-91B1-5095DA6D2CB7}"
EndProject
Project("{2150E333-8FDC-42A3-9474-1A3956D46DE8}") = "Module", "Module", "{BF1A2FE7-8AA9-47C2-A25F-EAD48250F5C9}"
EndProject
Project("{2150E333-8FDC-42A3-9474-1A3956D46DE8}") = "Azure", "Azure", "{C3D239D4-C37A-46A0-BEE7-3F83CE419E88}"
EndProject
Project("{9A19103F-16F7-4668-BE54-9A1E7A4F7556}") = "Komit.Sandbox.Values", "Komit.Sandbox.Values\Komit.Sandbox.Values.csproj", "{5A7BFD29-E2B5-49C6-AD1A-E45434165A0C}"
EndProject
Project("{9A19103F-16F7-4668-BE54-9A1E7A4F7556}") = "Komit.Base.Ui.Components", "Komit.Base.Ui.Components\Komit.Base.Ui.Components.csproj", "{5E3AF6E5-E129-49ED-AD8F-D13AAF78FFAB}"
EndProject
Project("{9A19103F-16F7-4668-BE54-9A1E7A4F7556}") = "Komit.Base.Dev.Client", "Komit.Base.Dev.Client\Komit.Base.Dev.Client.csproj", "{01D22A20-774C-49DD-B0D1-DB7A37D2A6A3}"
EndProject
Project("{9A19103F-16F7-4668-BE54-9A1E7A4F7556}") = "Komit.Base.Dev.Server", "Komit.Base.Dev.Server\Komit.Base.Dev.Server.csproj", "{1AE5DCC6-560E-48C6-89B0-0C6021B5251F}"
EndProject
Project("{9A19103F-16F7-4668-BE54-9A1E7A4F7556}") = "Komit.BoxOfSand.App", "Komit.BoxOfSand.App\Komit.BoxOfSand.App.csproj", "{970E4337-17F9-42BF-9687-50C07E57A4F4}"
EndProject
Project("{9A19103F-16F7-4668-BE54-9A1E7A4F7556}") = "Komit.BoxOfSand.Values", "Komit.BoxOfSand.Values\Komit.BoxOfSand.Values.csproj", "{D979A9AB-8D26-4AA8-A3B2-A0BB13A183CC}"
EndProject
Project("{9A19103F-16F7-4668-BE54-9A1E7A4F7556}") = "Komit.BoxOfSand.Module", "Komit.BoxOfSand.Module\Komit.BoxOfSand.Module.csproj", "{3689041B-D11F-414B-BA36-A11F0C9FB807}"
EndProject
Project("{9A19103F-16F7-4668-BE54-9A1E7A4F7556}") = "Komit.BoxOfSand.Ui.Components", "Komit.BoxOfSand.Ui.Components\Komit.BoxOfSand.Ui.Components.csproj", "{D2D7493C-F9D1-42B3-B3E1-19A2EE66745A}"
EndProject
Project("{2150E333-8FDC-42A3-9474-1A3956D46DE8}") = "SimpleAuth", "SimpleAuth", "{73F5200B-376B-47A9-886B-65FB48D2982A}"
EndProject
Project("{9A19103F-16F7-4668-BE54-9A1E7A4F7556}") = "Komit.SimpleApiAuth.TokenProvider", "Komit.SimpleAuth.TokenProvider\Komit.SimpleApiAuth.TokenProvider.csproj", "{E60FF72C-F9C8-4583-8DFB-5A431C2D14D7}"
EndProject
Project("{9A19103F-16F7-4668-BE54-9A1E7A4F7556}") = "Komit.SimpleApiAuth.TokenValidator", "Komit.SimpleAuth.TokenValidator\Komit.SimpleApiAuth.TokenValidator.csproj", "{5FC6D667-998D-4837-93E8-233FFE1E73C3}"
EndProject
Project("{9A19103F-16F7-4668-BE54-9A1E7A4F7556}") = "Komit.Sandbox.Module", "Komit.Sandbox.Module\Komit.Sandbox.Module.csproj", "{DB3BE940-89FD-4A8E-89A1-7BE71DC55272}"
EndProject
Project("{9A19103F-16F7-4668-BE54-9A1E7A4F7556}") = "Komit.Sandbox.Specs", "Komit.Sandbox.Specs\Komit.Sandbox.Specs.csproj", "{4EC75A15-7A29-4230-A112-F281EFF54651}"
EndProject
Project("{FAE04EC0-301F-11D3-BF4B-00C04F79EFBC}") = "Komit.Sandbox.Web", "Komit.Sandbox.Web\Komit.Sandbox.Web.csproj", "{3FAD703A-C85C-4245-B205-BAE294A7AA45}"
EndProject
Project("{FAE04EC0-301F-11D3-BF4B-00C04F79EFBC}") = "Komit.Sandbox.Web.Client", "Komit.Sandbox.Web.Client\Komit.Sandbox.Web.Client.csproj", "{8A517494-9BA0-4F87-9BB1-6FAC1ABA8412}"
EndProject
Global
	GlobalSection(SolutionConfigurationPlatforms) = preSolution
		Debug|Any CPU = Debug|Any CPU
		Release|Any CPU = Release|Any CPU
	EndGlobalSection
	GlobalSection(ProjectConfigurationPlatforms) = postSolution
		{459D76F9-7C84-4FC5-8C58-529CAE5D251E}.Debug|Any CPU.ActiveCfg = Debug|Any CPU
		{459D76F9-7C84-4FC5-8C58-529CAE5D251E}.Debug|Any CPU.Build.0 = Debug|Any CPU
		{459D76F9-7C84-4FC5-8C58-529CAE5D251E}.Release|Any CPU.ActiveCfg = Release|Any CPU
		{459D76F9-7C84-4FC5-8C58-529CAE5D251E}.Release|Any CPU.Build.0 = Release|Any CPU
		{BE943457-9777-48CB-9BEA-123600511CB8}.Debug|Any CPU.ActiveCfg = Debug|Any CPU
		{BE943457-9777-48CB-9BEA-123600511CB8}.Debug|Any CPU.Build.0 = Debug|Any CPU
		{BE943457-9777-48CB-9BEA-123600511CB8}.Release|Any CPU.ActiveCfg = Release|Any CPU
		{BE943457-9777-48CB-9BEA-123600511CB8}.Release|Any CPU.Build.0 = Release|Any CPU
		{1E502444-735D-430F-A4C9-0A00834EC659}.Debug|Any CPU.ActiveCfg = Debug|Any CPU
		{1E502444-735D-430F-A4C9-0A00834EC659}.Debug|Any CPU.Build.0 = Debug|Any CPU
		{1E502444-735D-430F-A4C9-0A00834EC659}.Release|Any CPU.ActiveCfg = Release|Any CPU
		{1E502444-735D-430F-A4C9-0A00834EC659}.Release|Any CPU.Build.0 = Release|Any CPU
		{00600FB6-117F-4B1A-8EC9-5EA0157DB807}.Debug|Any CPU.ActiveCfg = Debug|Any CPU
		{00600FB6-117F-4B1A-8EC9-5EA0157DB807}.Debug|Any CPU.Build.0 = Debug|Any CPU
		{00600FB6-117F-4B1A-8EC9-5EA0157DB807}.Release|Any CPU.ActiveCfg = Release|Any CPU
		{00600FB6-117F-4B1A-8EC9-5EA0157DB807}.Release|Any CPU.Build.0 = Release|Any CPU
		{3ADF117C-FF92-40ED-872C-9FF041C8C7A0}.Debug|Any CPU.ActiveCfg = Debug|Any CPU
		{3ADF117C-FF92-40ED-872C-9FF041C8C7A0}.Debug|Any CPU.Build.0 = Debug|Any CPU
		{3ADF117C-FF92-40ED-872C-9FF041C8C7A0}.Release|Any CPU.ActiveCfg = Release|Any CPU
		{3ADF117C-FF92-40ED-872C-9FF041C8C7A0}.Release|Any CPU.Build.0 = Release|Any CPU
		{E464F0C5-345C-4A62-B70B-5608233A8EE5}.Debug|Any CPU.ActiveCfg = Debug|Any CPU
		{E464F0C5-345C-4A62-B70B-5608233A8EE5}.Debug|Any CPU.Build.0 = Debug|Any CPU
		{E464F0C5-345C-4A62-B70B-5608233A8EE5}.Release|Any CPU.ActiveCfg = Release|Any CPU
		{E464F0C5-345C-4A62-B70B-5608233A8EE5}.Release|Any CPU.Build.0 = Release|Any CPU
		{D5FB3288-24B9-44AB-8C8E-277496EFCE77}.Debug|Any CPU.ActiveCfg = Debug|Any CPU
		{D5FB3288-24B9-44AB-8C8E-277496EFCE77}.Debug|Any CPU.Build.0 = Debug|Any CPU
		{D5FB3288-24B9-44AB-8C8E-277496EFCE77}.Release|Any CPU.ActiveCfg = Release|Any CPU
		{D5FB3288-24B9-44AB-8C8E-277496EFCE77}.Release|Any CPU.Build.0 = Release|Any CPU
		{2AF53A92-C80F-4B57-B1A7-EBDF649069A0}.Debug|Any CPU.ActiveCfg = Debug|Any CPU
		{2AF53A92-C80F-4B57-B1A7-EBDF649069A0}.Debug|Any CPU.Build.0 = Debug|Any CPU
		{2AF53A92-C80F-4B57-B1A7-EBDF649069A0}.Release|Any CPU.ActiveCfg = Release|Any CPU
		{2AF53A92-C80F-4B57-B1A7-EBDF649069A0}.Release|Any CPU.Build.0 = Release|Any CPU
		{5A7BFD29-E2B5-49C6-AD1A-E45434165A0C}.Debug|Any CPU.ActiveCfg = Debug|Any CPU
		{5A7BFD29-E2B5-49C6-AD1A-E45434165A0C}.Debug|Any CPU.Build.0 = Debug|Any CPU
		{5A7BFD29-E2B5-49C6-AD1A-E45434165A0C}.Release|Any CPU.ActiveCfg = Release|Any CPU
		{5A7BFD29-E2B5-49C6-AD1A-E45434165A0C}.Release|Any CPU.Build.0 = Release|Any CPU
		{5E3AF6E5-E129-49ED-AD8F-D13AAF78FFAB}.Debug|Any CPU.ActiveCfg = Debug|Any CPU
		{5E3AF6E5-E129-49ED-AD8F-D13AAF78FFAB}.Debug|Any CPU.Build.0 = Debug|Any CPU
		{5E3AF6E5-E129-49ED-AD8F-D13AAF78FFAB}.Release|Any CPU.ActiveCfg = Release|Any CPU
		{5E3AF6E5-E129-49ED-AD8F-D13AAF78FFAB}.Release|Any CPU.Build.0 = Release|Any CPU
		{01D22A20-774C-49DD-B0D1-DB7A37D2A6A3}.Debug|Any CPU.ActiveCfg = Debug|Any CPU
		{01D22A20-774C-49DD-B0D1-DB7A37D2A6A3}.Debug|Any CPU.Build.0 = Debug|Any CPU
		{01D22A20-774C-49DD-B0D1-DB7A37D2A6A3}.Release|Any CPU.ActiveCfg = Release|Any CPU
		{01D22A20-774C-49DD-B0D1-DB7A37D2A6A3}.Release|Any CPU.Build.0 = Release|Any CPU
		{1AE5DCC6-560E-48C6-89B0-0C6021B5251F}.Debug|Any CPU.ActiveCfg = Debug|Any CPU
		{1AE5DCC6-560E-48C6-89B0-0C6021B5251F}.Debug|Any CPU.Build.0 = Debug|Any CPU
		{1AE5DCC6-560E-48C6-89B0-0C6021B5251F}.Release|Any CPU.ActiveCfg = Release|Any CPU
		{1AE5DCC6-560E-48C6-89B0-0C6021B5251F}.Release|Any CPU.Build.0 = Release|Any CPU
		{970E4337-17F9-42BF-9687-50C07E57A4F4}.Debug|Any CPU.ActiveCfg = Debug|Any CPU
		{970E4337-17F9-42BF-9687-50C07E57A4F4}.Debug|Any CPU.Build.0 = Debug|Any CPU
		{970E4337-17F9-42BF-9687-50C07E57A4F4}.Release|Any CPU.ActiveCfg = Release|Any CPU
		{970E4337-17F9-42BF-9687-50C07E57A4F4}.Release|Any CPU.Build.0 = Release|Any CPU
		{D979A9AB-8D26-4AA8-A3B2-A0BB13A183CC}.Debug|Any CPU.ActiveCfg = Debug|Any CPU
		{D979A9AB-8D26-4AA8-A3B2-A0BB13A183CC}.Debug|Any CPU.Build.0 = Debug|Any CPU
		{D979A9AB-8D26-4AA8-A3B2-A0BB13A183CC}.Release|Any CPU.ActiveCfg = Release|Any CPU
		{D979A9AB-8D26-4AA8-A3B2-A0BB13A183CC}.Release|Any CPU.Build.0 = Release|Any CPU
		{3689041B-D11F-414B-BA36-A11F0C9FB807}.Debug|Any CPU.ActiveCfg = Debug|Any CPU
		{3689041B-D11F-414B-BA36-A11F0C9FB807}.Debug|Any CPU.Build.0 = Debug|Any CPU
		{3689041B-D11F-414B-BA36-A11F0C9FB807}.Release|Any CPU.ActiveCfg = Release|Any CPU
		{3689041B-D11F-414B-BA36-A11F0C9FB807}.Release|Any CPU.Build.0 = Release|Any CPU
		{D2D7493C-F9D1-42B3-B3E1-19A2EE66745A}.Debug|Any CPU.ActiveCfg = Debug|Any CPU
		{D2D7493C-F9D1-42B3-B3E1-19A2EE66745A}.Debug|Any CPU.Build.0 = Debug|Any CPU
		{D2D7493C-F9D1-42B3-B3E1-19A2EE66745A}.Release|Any CPU.ActiveCfg = Release|Any CPU
		{D2D7493C-F9D1-42B3-B3E1-19A2EE66745A}.Release|Any CPU.Build.0 = Release|Any CPU
		{E60FF72C-F9C8-4583-8DFB-5A431C2D14D7}.Debug|Any CPU.ActiveCfg = Debug|Any CPU
		{E60FF72C-F9C8-4583-8DFB-5A431C2D14D7}.Debug|Any CPU.Build.0 = Debug|Any CPU
		{E60FF72C-F9C8-4583-8DFB-5A431C2D14D7}.Release|Any CPU.ActiveCfg = Release|Any CPU
		{E60FF72C-F9C8-4583-8DFB-5A431C2D14D7}.Release|Any CPU.Build.0 = Release|Any CPU
		{5FC6D667-998D-4837-93E8-233FFE1E73C3}.Debug|Any CPU.ActiveCfg = Debug|Any CPU
		{5FC6D667-998D-4837-93E8-233FFE1E73C3}.Debug|Any CPU.Build.0 = Debug|Any CPU
		{5FC6D667-998D-4837-93E8-233FFE1E73C3}.Release|Any CPU.ActiveCfg = Release|Any CPU
		{5FC6D667-998D-4837-93E8-233FFE1E73C3}.Release|Any CPU.Build.0 = Release|Any CPU
		{DB3BE940-89FD-4A8E-89A1-7BE71DC55272}.Debug|Any CPU.ActiveCfg = Debug|Any CPU
		{DB3BE940-89FD-4A8E-89A1-7BE71DC55272}.Debug|Any CPU.Build.0 = Debug|Any CPU
		{DB3BE940-89FD-4A8E-89A1-7BE71DC55272}.Release|Any CPU.ActiveCfg = Release|Any CPU
		{DB3BE940-89FD-4A8E-89A1-7BE71DC55272}.Release|Any CPU.Build.0 = Release|Any CPU
		{4EC75A15-7A29-4230-A112-F281EFF54651}.Debug|Any CPU.ActiveCfg = Debug|Any CPU
		{4EC75A15-7A29-4230-A112-F281EFF54651}.Debug|Any CPU.Build.0 = Debug|Any CPU
		{4EC75A15-7A29-4230-A112-F281EFF54651}.Release|Any CPU.ActiveCfg = Release|Any CPU
		{4EC75A15-7A29-4230-A112-F281EFF54651}.Release|Any CPU.Build.0 = Release|Any CPU
		{3FAD703A-C85C-4245-B205-BAE294A7AA45}.Debug|Any CPU.ActiveCfg = Debug|Any CPU
		{3FAD703A-C85C-4245-B205-BAE294A7AA45}.Debug|Any CPU.Build.0 = Debug|Any CPU
		{3FAD703A-C85C-4245-B205-BAE294A7AA45}.Release|Any CPU.ActiveCfg = Release|Any CPU
		{3FAD703A-C85C-4245-B205-BAE294A7AA45}.Release|Any CPU.Build.0 = Release|Any CPU
		{8A517494-9BA0-4F87-9BB1-6FAC1ABA8412}.Debug|Any CPU.ActiveCfg = Debug|Any CPU
		{8A517494-9BA0-4F87-9BB1-6FAC1ABA8412}.Debug|Any CPU.Build.0 = Debug|Any CPU
		{8A517494-9BA0-4F87-9BB1-6FAC1ABA8412}.Release|Any CPU.ActiveCfg = Release|Any CPU
		{8A517494-9BA0-4F87-9BB1-6FAC1ABA8412}.Release|Any CPU.Build.0 = Release|Any CPU
	EndGlobalSection
	GlobalSection(SolutionProperties) = preSolution
		HideSolutionNode = FALSE
	EndGlobalSection
	GlobalSection(NestedProjects) = preSolution
		{459D76F9-7C84-4FC5-8C58-529CAE5D251E} = {BF1A2FE7-8AA9-47C2-A25F-EAD48250F5C9}
		{BE943457-9777-48CB-9BEA-123600511CB8} = {BF1A2FE7-8AA9-47C2-A25F-EAD48250F5C9}
		{1E502444-735D-430F-A4C9-0A00834EC659} = {6353F3FC-79F9-4081-91B1-5095DA6D2CB7}
		{00600FB6-117F-4B1A-8EC9-5EA0157DB807} = {C3D239D4-C37A-46A0-BEE7-3F83CE419E88}
		{3ADF117C-FF92-40ED-872C-9FF041C8C7A0} = {6353F3FC-79F9-4081-91B1-5095DA6D2CB7}
		{E464F0C5-345C-4A62-B70B-5608233A8EE5} = {C3D239D4-C37A-46A0-BEE7-3F83CE419E88}
		{D5FB3288-24B9-44AB-8C8E-277496EFCE77} = {BF1A2FE7-8AA9-47C2-A25F-EAD48250F5C9}
		{2AF53A92-C80F-4B57-B1A7-EBDF649069A0} = {D79E43B1-C3AD-48D6-BC5B-CAB61C6A5488}
		{5A7BFD29-E2B5-49C6-AD1A-E45434165A0C} = {D79E43B1-C3AD-48D6-BC5B-CAB61C6A5488}
		{5E3AF6E5-E129-49ED-AD8F-D13AAF78FFAB} = {BF1A2FE7-8AA9-47C2-A25F-EAD48250F5C9}
		{01D22A20-774C-49DD-B0D1-DB7A37D2A6A3} = {BF1A2FE7-8AA9-47C2-A25F-EAD48250F5C9}
		{1AE5DCC6-560E-48C6-89B0-0C6021B5251F} = {BF1A2FE7-8AA9-47C2-A25F-EAD48250F5C9}
		{970E4337-17F9-42BF-9687-50C07E57A4F4} = {D79E43B1-C3AD-48D6-BC5B-CAB61C6A5488}
		{D979A9AB-8D26-4AA8-A3B2-A0BB13A183CC} = {D79E43B1-C3AD-48D6-BC5B-CAB61C6A5488}
		{3689041B-D11F-414B-BA36-A11F0C9FB807} = {D79E43B1-C3AD-48D6-BC5B-CAB61C6A5488}
		{D2D7493C-F9D1-42B3-B3E1-19A2EE66745A} = {D79E43B1-C3AD-48D6-BC5B-CAB61C6A5488}
		{E60FF72C-F9C8-4583-8DFB-5A431C2D14D7} = {73F5200B-376B-47A9-886B-65FB48D2982A}
		{5FC6D667-998D-4837-93E8-233FFE1E73C3} = {73F5200B-376B-47A9-886B-65FB48D2982A}
		{DB3BE940-89FD-4A8E-89A1-7BE71DC55272} = {D79E43B1-C3AD-48D6-BC5B-CAB61C6A5488}
		{4EC75A15-7A29-4230-A112-F281EFF54651} = {D79E43B1-C3AD-48D6-BC5B-CAB61C6A5488}
		{3FAD703A-C85C-4245-B205-BAE294A7AA45} = {D79E43B1-C3AD-48D6-BC5B-CAB61C6A5488}
		{8A517494-9BA0-4F87-9BB1-6FAC1ABA8412} = {D79E43B1-C3AD-48D6-BC5B-CAB61C6A5488}
	EndGlobalSection
	GlobalSection(ExtensibilityGlobals) = postSolution
		SolutionGuid = {DC3D0E18-4D26-44D0-B19F-725CE3F75D3E}
	EndGlobalSection
EndGlobal
